
Microsoft Visual Studio Solution File, Format Version 12.00
# Visual Studio 15
VisualStudioVersion = 15.0.26430.6
MinimumVisualStudioVersion = 10.0.40219.1
Project("{2150E333-8FDC-42A3-9474-1A3956D46DE8}") = "src", "src", "{03ED5016-F8BF-4C18-A997-2FFE0E6EF896}"
EndProject
Project("{2150E333-8FDC-42A3-9474-1A3956D46DE8}") = "hosting", "hosting", "{89E5DA04-5E1C-410C-9175-27C0713594AD}"
EndProject
Project("{FAE04EC0-301F-11D3-BF4B-00C04F79EFBC}") = "Estranged.GitLfs.Hosting.AspNet", "hosting\Estranged.GitLfs.Hosting.AspNet\Estranged.GitLfs.Hosting.AspNet.csproj", "{461CB490-8FC8-4232-8DC0-53BC556F1961}"
EndProject
Project("{9A19103F-16F7-4668-BE54-9A1E7A4F7556}") = "Estranged.GitLfs.Api", "src\Estranged.GitLfs.Api\Estranged.GitLfs.Api.csproj", "{1308097C-D870-4E45-8B87-2CDB57000662}"
EndProject
Global
	GlobalSection(SolutionConfigurationPlatforms) = preSolution
		Debug|Any CPU = Debug|Any CPU
		Release|Any CPU = Release|Any CPU
	EndGlobalSection
	GlobalSection(ProjectConfigurationPlatforms) = postSolution
		{461CB490-8FC8-4232-8DC0-53BC556F1961}.Debug|Any CPU.ActiveCfg = Debug|Any CPU
		{461CB490-8FC8-4232-8DC0-53BC556F1961}.Debug|Any CPU.Build.0 = Debug|Any CPU
		{461CB490-8FC8-4232-8DC0-53BC556F1961}.Release|Any CPU.ActiveCfg = Release|Any CPU
		{461CB490-8FC8-4232-8DC0-53BC556F1961}.Release|Any CPU.Build.0 = Release|Any CPU
		{1308097C-D870-4E45-8B87-2CDB57000662}.Debug|Any CPU.ActiveCfg = Debug|Any CPU
		{1308097C-D870-4E45-8B87-2CDB57000662}.Debug|Any CPU.Build.0 = Debug|Any CPU
		{1308097C-D870-4E45-8B87-2CDB57000662}.Release|Any CPU.ActiveCfg = Release|Any CPU
		{1308097C-D870-4E45-8B87-2CDB57000662}.Release|Any CPU.Build.0 = Release|Any CPU
	EndGlobalSection
	GlobalSection(SolutionProperties) = preSolution
		HideSolutionNode = FALSE
	EndGlobalSection
	GlobalSection(NestedProjects) = preSolution
		{461CB490-8FC8-4232-8DC0-53BC556F1961} = {89E5DA04-5E1C-410C-9175-27C0713594AD}
		{1308097C-D870-4E45-8B87-2CDB57000662} = {03ED5016-F8BF-4C18-A997-2FFE0E6EF896}
	EndGlobalSection
EndGlobal
